
Microsoft Visual Studio Solution File, Format Version 11.00
# Visual Studio 2010
Project("{FAE04EC0-301F-11D3-BF4B-00C04F79EFBC}") = "Assembly-CSharp", "Assembly-CSharp.csproj", "{931f4877-b55c-b63f-a5fc-281268272c69}"
EndProject
Project("{FAE04EC0-301F-11D3-BF4B-00C04F79EFBC}") = "Assembly-CSharp-Editor", "Assembly-CSharp-Editor.csproj", "{504f6a60-0519-1bf7-41bb-fa6873e2899e}"
EndProject
Global
	GlobalSection(SolutionConfigurationPlatforms) = preSolution
		Debug|Any CPU = Debug|Any CPU
	EndGlobalSection
	GlobalSection(ProjectConfigurationPlatforms) = postSolution
		{931f4877-b55c-b63f-a5fc-281268272c69}.Debug|Any CPU.ActiveCfg = Debug|Any CPU
		{931f4877-b55c-b63f-a5fc-281268272c69}.Debug|Any CPU.Build.0 = Debug|Any CPU
		{504f6a60-0519-1bf7-41bb-fa6873e2899e}.Debug|Any CPU.ActiveCfg = Debug|Any CPU
		{504f6a60-0519-1bf7-41bb-fa6873e2899e}.Debug|Any CPU.Build.0 = Debug|Any CPU
	EndGlobalSection
	GlobalSection(SolutionProperties) = preSolution
		HideSolutionNode = FALSE
	EndGlobalSection
EndGlobal
